
Microsoft Visual Studio Solution File, Format Version 12.00
# Visual Studio Version 17
VisualStudioVersion = 17.14.37203.1
MinimumVisualStudioVersion = 10.0.40219.1
Project("{FAE04EC0-301F-11D3-BF4B-00C04F79EFBC}") = "RPBooking", "RPBooking\RPBooking.csproj", "{A5DEBAB8-3482-40CA-BA6E-4882C00D8D5A}"
EndProject
Project("{FAE04EC0-301F-11D3-BF4B-00C04F79EFBC}") = "UnitTests", "UnitTests\UnitTests.csproj", "{10B52CE8-47F6-4255-9784-6F1B12854E4C}"
EndProject
Project("{FAE04EC0-301F-11D3-BF4B-00C04F79EFBC}") = "IntegrationTests", "IntegrationTests\IntegrationTests.csproj", "{BE6CFE48-E3D1-4530-BB73-DA35AEB3720E}"
EndProject
Global
	GlobalSection(SolutionConfigurationPlatforms) = preSolution
		Debug|Any CPU = Debug|Any CPU
		Release|Any CPU = Release|Any CPU
	EndGlobalSection
	GlobalSection(ProjectConfigurationPlatforms) = postSolution
		{A5DEBAB8-3482-40CA-BA6E-4882C00D8D5A}.Debug|Any CPU.ActiveCfg = Debug|Any CPU
		{A5DEBAB8-3482-40CA-BA6E-4882C00D8D5A}.Debug|Any CPU.Build.0 = Debug|Any CPU
		{A5DEBAB8-3482-40CA-BA6E-4882C00D8D5A}.Release|Any CPU.ActiveCfg = Release|Any CPU
		{A5DEBAB8-3482-40CA-BA6E-4882C00D8D5A}.Release|Any CPU.Build.0 = Release|Any CPU
		{10B52CE8-47F6-4255-9784-6F1B12854E4C}.Debug|Any CPU.ActiveCfg = Debug|Any CPU
		{10B52CE8-47F6-4255-9784-6F1B12854E4C}.Debug|Any CPU.Build.0 = Debug|Any CPU
		{10B52CE8-47F6-4255-9784-6F1B12854E4C}.Release|Any CPU.ActiveCfg = Release|Any CPU
		{10B52CE8-47F6-4255-9784-6F1B12854E4C}.Release|Any CPU.Build.0 = Release|Any CPU
		{BE6CFE48-E3D1-4530-BB73-DA35AEB3720E}.Debug|Any CPU.ActiveCfg = Debug|Any CPU
		{BE6CFE48-E3D1-4530-BB73-DA35AEB3720E}.Debug|Any CPU.Build.0 = Debug|Any CPU
		{BE6CFE48-E3D1-4530-BB73-DA35AEB3720E}.Release|Any CPU.ActiveCfg = Release|Any CPU
		{BE6CFE48-E3D1-4530-BB73-DA35AEB3720E}.Release|Any CPU.Build.0 = Release|Any CPU
	EndGlobalSection
	GlobalSection(SolutionProperties) = preSolution
		HideSolutionNode = FALSE
	EndGlobalSection
	GlobalSection(ExtensibilityGlobals) = postSolution
		SolutionGuid = {AE8D3D27-2560-43FC-AF5A-E23716DFD5B1}
	EndGlobalSection
EndGlobal
